
Microsoft Visual Studio Solution File, Format Version 12.00
# Visual Studio Version 17
VisualStudioVersion = 17.0.31903.59
MinimumVisualStudioVersion = 10.0.40219.1
Project("{9A19103F-16F7-4668-BE54-9A1E7A4F7556}") = "PedidosAPI", "PedidosAPI\PedidosAPI.csproj", "{EBACCABF-94D6-4894-B630-1E80AD425125}"
EndProject
Project("{FAE04EC0-301F-11D3-BF4B-00C04F79EFBC}") = "EmpacotamentoAPI", "EmpacotamentoAPI\EmpacotamentoAPI.csproj", "{D3000640-0CEB-4BAD-952E-12D67F3CDA52}"
EndProject
Global
	GlobalSection(SolutionConfigurationPlatforms) = preSolution
		Debug|Any CPU = Debug|Any CPU
		Release|Any CPU = Release|Any CPU
	EndGlobalSection
	GlobalSection(ProjectConfigurationPlatforms) = postSolution
		{EBACCABF-94D6-4894-B630-1E80AD425125}.Debug|Any CPU.ActiveCfg = Debug|Any CPU
		{EBACCABF-94D6-4894-B630-1E80AD425125}.Debug|Any CPU.Build.0 = Debug|Any CPU
		{EBACCABF-94D6-4894-B630-1E80AD425125}.Release|Any CPU.ActiveCfg = Release|Any CPU
		{EBACCABF-94D6-4894-B630-1E80AD425125}.Release|Any CPU.Build.0 = Release|Any CPU
		{D3000640-0CEB-4BAD-952E-12D67F3CDA52}.Debug|Any CPU.ActiveCfg = Debug|Any CPU
		{D3000640-0CEB-4BAD-952E-12D67F3CDA52}.Debug|Any CPU.Build.0 = Debug|Any CPU
		{D3000640-0CEB-4BAD-952E-12D67F3CDA52}.Release|Any CPU.ActiveCfg = Release|Any CPU
		{D3000640-0CEB-4BAD-952E-12D67F3CDA52}.Release|Any CPU.Build.0 = Release|Any CPU
	EndGlobalSection
	GlobalSection(SolutionProperties) = preSolution
		HideSolutionNode = FALSE
	EndGlobalSection
	GlobalSection(ExtensibilityGlobals) = postSolution
		SolutionGuid = {9661524C-EC5C-415F-BCAC-E3411CF99B89}
	EndGlobalSection
EndGlobal
